// !$*UTF8*$!
{
	archiveVersion = 1;
	classes = {
	};
	objectVersion = 50;
	objects = {

/* Begin PBXBuildFile section */
		64D23560632C5771E2EF6CF9 /* libPods-AdressBook.a in Frameworks */ = {isa = PBXBuildFile; fileRef = 6A4861B48292501AD2338EAC /* libPods-AdressBook.a */; };
		B27DE03D2151627600CC1359 /* AppDelegate.m in Sources */ = {isa = PBXBuildFile; fileRef = B27DE03C2151627600CC1359 /* AppDelegate.m */; };
		B27DE0402151627600CC1359 /* MXLoginViewController.m in Sources */ = {isa = PBXBuildFile; fileRef = B27DE03F2151627600CC1359 /* MXLoginViewController.m */; };
		B27DE0432151627600CC1359 /* Main.storyboard in Resources */ = {isa = PBXBuildFile; fileRef = B27DE0412151627600CC1359 /* Main.storyboard */; };
		B27DE0482151627A00CC1359 /* Assets.xcassets in Resources */ = {isa = PBXBuildFile; fileRef = B27DE0472151627A00CC1359 /* Assets.xcassets */; };
		B27DE04B2151627A00CC1359 /* LaunchScreen.storyboard in Resources */ = {isa = PBXBuildFile; fileRef = B27DE0492151627A00CC1359 /* LaunchScreen.storyboard */; };
		B27DE04E2151627A00CC1359 /* main.m in Sources */ = {isa = PBXBuildFile; fileRef = B27DE04D2151627A00CC1359 /* main.m */; };
		B27DE0572151644600CC1359 /* MXNetwork.m in Sources */ = {isa = PBXBuildFile; fileRef = B27DE0562151644600CC1359 /* MXNetwork.m */; };
		B27DE05A2151765900CC1359 /* MXSession.m in Sources */ = {isa = PBXBuildFile; fileRef = B27DE0592151765900CC1359 /* MXSession.m */; };
		B2A481E1215215B5003069D1 /* MXUser.m in Sources */ = {isa = PBXBuildFile; fileRef = B2A481E0215215B5003069D1 /* MXUser.m */; };
/* End PBXBuildFile section */

/* Begin PBXFileReference section */
		6A4861B48292501AD2338EAC /* libPods-AdressBook.a */ = {isa = PBXFileReference; explicitFileType = archive.ar; includeInIndex = 0; path = "libPods-AdressBook.a"; sourceTree = BUILT_PRODUCTS_DIR; };
		754BBE928ECA01FE0E4EBD67 /* Pods-AdressBook.release.xcconfig */ = {isa = PBXFileReference; includeInIndex = 1; lastKnownFileType = text.xcconfig; name = "Pods-AdressBook.release.xcconfig"; path = "Pods/Target Support Files/Pods-AdressBook/Pods-AdressBook.release.xcconfig"; sourceTree = "<group>"; };
		B27DE0382151627600CC1359 /* AddressBook.app */ = {isa = PBXFileReference; explicitFileType = wrapper.application; includeInIndex = 0; path = AddressBook.app; sourceTree = BUILT_PRODUCTS_DIR; };
		B27DE03B2151627600CC1359 /* AppDelegate.h */ = {isa = PBXFileReference; lastKnownFileType = sourcecode.c.h; path = AppDelegate.h; sourceTree = "<group>"; };
		B27DE03C2151627600CC1359 /* AppDelegate.m */ = {isa = PBXFileReference; lastKnownFileType = sourcecode.c.objc; path = AppDelegate.m; sourceTree = "<group>"; };
		B27DE03E2151627600CC1359 /* MXLoginViewController.h */ = {isa = PBXFileReference; lastKnownFileType = sourcecode.c.h; path = MXLoginViewController.h; sourceTree = "<group>"; };
		B27DE03F2151627600CC1359 /* MXLoginViewController.m */ = {isa = PBXFileReference; lastKnownFileType = sourcecode.c.objc; path = MXLoginViewController.m; sourceTree = "<group>"; };
		B27DE0422151627600CC1359 /* Base */ = {isa = PBXFileReference; lastKnownFileType = file.storyboard; name = Base; path = Base.lproj/Main.storyboard; sourceTree = "<group>"; };
		B27DE0472151627A00CC1359 /* Assets.xcassets */ = {isa = PBXFileReference; lastKnownFileType = folder.assetcatalog; path = Assets.xcassets; sourceTree = "<group>"; };
		B27DE04A2151627A00CC1359 /* Base */ = {isa = PBXFileReference; lastKnownFileType = file.storyboard; name = Base; path = Base.lproj/LaunchScreen.storyboard; sourceTree = "<group>"; };
		B27DE04C2151627A00CC1359 /* Info.plist */ = {isa = PBXFileReference; lastKnownFileType = text.plist.xml; path = Info.plist; sourceTree = "<group>"; };
		B27DE04D2151627A00CC1359 /* main.m */ = {isa = PBXFileReference; lastKnownFileType = sourcecode.c.objc; path = main.m; sourceTree = "<group>"; };
		B27DE0552151644600CC1359 /* MXNetwork.h */ = {isa = PBXFileReference; lastKnownFileType = sourcecode.c.h; path = MXNetwork.h; sourceTree = "<group>"; };
		B27DE0562151644600CC1359 /* MXNetwork.m */ = {isa = PBXFileReference; lastKnownFileType = sourcecode.c.objc; path = MXNetwork.m; sourceTree = "<group>"; };
		B27DE0582151765900CC1359 /* MXSession.h */ = {isa = PBXFileReference; lastKnownFileType = sourcecode.c.h; path = MXSession.h; sourceTree = "<group>"; };
		B27DE0592151765900CC1359 /* MXSession.m */ = {isa = PBXFileReference; lastKnownFileType = sourcecode.c.objc; path = MXSession.m; sourceTree = "<group>"; };
		B2A481DF215215B5003069D1 /* MXUser.h */ = {isa = PBXFileReference; lastKnownFileType = sourcecode.c.h; path = MXUser.h; sourceTree = "<group>"; };
		B2A481E0215215B5003069D1 /* MXUser.m */ = {isa = PBXFileReference; lastKnownFileType = sourcecode.c.objc; path = MXUser.m; sourceTree = "<group>"; };
		B2FB5793215222E300F96524 /* AddressBook.entitlements */ = {isa = PBXFileReference; lastKnownFileType = text.plist.entitlements; path = AddressBook.entitlements; sourceTree = "<group>"; };
		FF653B36CE81F923C343EF50 /* Pods-AdressBook.debug.xcconfig */ = {isa = PBXFileReference; includeInIndex = 1; lastKnownFileType = text.xcconfig; name = "Pods-AdressBook.debug.xcconfig"; path = "Pods/Target Support Files/Pods-AdressBook/Pods-AdressBook.debug.xcconfig"; sourceTree = "<group>"; };
/* End PBXFileReference section */

/* Begin PBXFrameworksBuildPhase section */
		B27DE0352151627600CC1359 /* Frameworks */ = {
			isa = PBXFrameworksBuildPhase;
			buildActionMask = 2147483647;
			files = (
				64D23560632C5771E2EF6CF9 /* libPods-AdressBook.a in Frameworks */,
			);
			runOnlyForDeploymentPostprocessing = 0;
		};
/* End PBXFrameworksBuildPhase section */

/* Begin PBXGroup section */
		06A6C45F550E76AD99A0A829 /* Pods */ = {
			isa = PBXGroup;
			children = (
				FF653B36CE81F923C343EF50 /* Pods-AdressBook.debug.xcconfig */,
				754BBE928ECA01FE0E4EBD67 /* Pods-AdressBook.release.xcconfig */,
			);
			name = Pods;
			sourceTree = "<group>";
		};
		71E186B9546DBB9D39C568FE /* Frameworks */ = {
			isa = PBXGroup;
			children = (
				6A4861B48292501AD2338EAC /* libPods-AdressBook.a */,
			);
			name = Frameworks;
			sourceTree = "<group>";
		};
		B27DE02F2151627600CC1359 = {
			isa = PBXGroup;
			children = (
				B27DE03A2151627600CC1359 /* AddressBook */,
				B27DE0392151627600CC1359 /* Products */,
				06A6C45F550E76AD99A0A829 /* Pods */,
				71E186B9546DBB9D39C568FE /* Frameworks */,
			);
			sourceTree = "<group>";
		};
		B27DE0392151627600CC1359 /* Products */ = {
			isa = PBXGroup;
			children = (
				B27DE0382151627600CC1359 /* AddressBook.app */,
			);
			name = Products;
			sourceTree = "<group>";
		};
		B27DE03A2151627600CC1359 /* AddressBook */ = {
			isa = PBXGroup;
			children = (
				B2FB5793215222E300F96524 /* AddressBook.entitlements */,
				B2A481DE215215A9003069D1 /* Models */,
				B27DE0542151642300CC1359 /* Session */,
				B27DE03B2151627600CC1359 /* AppDelegate.h */,
				B27DE03C2151627600CC1359 /* AppDelegate.m */,
				B27DE03E2151627600CC1359 /* MXLoginViewController.h */,
				B27DE03F2151627600CC1359 /* MXLoginViewController.m */,
				B27DE0412151627600CC1359 /* Main.storyboard */,
				B27DE0472151627A00CC1359 /* Assets.xcassets */,
				B27DE0492151627A00CC1359 /* LaunchScreen.storyboard */,
				B27DE04C2151627A00CC1359 /* Info.plist */,
				B27DE04D2151627A00CC1359 /* main.m */,
			);
			path = AddressBook;
			sourceTree = "<group>";
		};
		B27DE0542151642300CC1359 /* Session */ = {
			isa = PBXGroup;
			children = (
				B27DE0552151644600CC1359 /* MXNetwork.h */,
				B27DE0562151644600CC1359 /* MXNetwork.m */,
				B27DE0582151765900CC1359 /* MXSession.h */,
				B27DE0592151765900CC1359 /* MXSession.m */,
			);
			path = Session;
			sourceTree = "<group>";
		};
		B2A481DE215215A9003069D1 /* Models */ = {
			isa = PBXGroup;
			children = (
				B2A481DF215215B5003069D1 /* MXUser.h */,
				B2A481E0215215B5003069D1 /* MXUser.m */,
			);
			path = Models;
			sourceTree = "<group>";
		};
/* End PBXGroup section */

/* Begin PBXNativeTarget section */
		B27DE0372151627600CC1359 /* AddressBook */ = {
			isa = PBXNativeTarget;
			buildConfigurationList = B27DE0512151627A00CC1359 /* Build configuration list for PBXNativeTarget "AddressBook" */;
			buildPhases = (
				A130CF900489237B70078C76 /* [CP] Check Pods Manifest.lock */,
				B27DE0342151627600CC1359 /* Sources */,
				B27DE0352151627600CC1359 /* Frameworks */,
				B27DE0362151627600CC1359 /* Resources */,
			);
			buildRules = (
			);
			dependencies = (
			);
			name = AddressBook;
			productName = AdressBook;
			productReference = B27DE0382151627600CC1359 /* AddressBook.app */;
			productType = "com.apple.product-type.application";
		};
/* End PBXNativeTarget section */

/* Begin PBXProject section */
		B27DE0302151627600CC1359 /* Project object */ = {
			isa = PBXProject;
			attributes = {
				LastUpgradeCheck = 1000;
				ORGANIZATIONNAME = "Mesrop Kareyan";
				TargetAttributes = {
					B27DE0372151627600CC1359 = {
						CreatedOnToolsVersion = 10.0;
						SystemCapabilities = {
							com.apple.Keychain = {
								enabled = 1;
							};
						};
					};
				};
			};
			buildConfigurationList = B27DE0332151627600CC1359 /* Build configuration list for PBXProject "AddressBook" */;
			compatibilityVersion = "Xcode 9.3";
			developmentRegion = en;
			hasScannedForEncodings = 0;
			knownRegions = (
				en,
				Base,
			);
			mainGroup = B27DE02F2151627600CC1359;
			productRefGroup = B27DE0392151627600CC1359 /* Products */;
			projectDirPath = "";
			projectRoot = "";
			targets = (
				B27DE0372151627600CC1359 /* AddressBook */,
			);
		};
/* End PBXProject section */

/* Begin PBXResourcesBuildPhase section */
		B27DE0362151627600CC1359 /* Resources */ = {
			isa = PBXResourcesBuildPhase;
			buildActionMask = 2147483647;
			files = (
				B27DE04B2151627A00CC1359 /* LaunchScreen.storyboard in Resources */,
				B27DE0482151627A00CC1359 /* Assets.xcassets in Resources */,
				B27DE0432151627600CC1359 /* Main.storyboard in Resources */,
			);
			runOnlyForDeploymentPostprocessing = 0;
		};
/* End PBXResourcesBuildPhase section */

/* Begin PBXShellScriptBuildPhase section */
		A130CF900489237B70078C76 /* [CP] Check Pods Manifest.lock */ = {
			isa = PBXShellScriptBuildPhase;
			buildActionMask = 2147483647;
			files = (
			);
			inputFileListPaths = (
			);
			inputPaths = (
				"${PODS_PODFILE_DIR_PATH}/Podfile.lock",
				"${PODS_ROOT}/Manifest.lock",
			);
			name = "[CP] Check Pods Manifest.lock";
			outputFileListPaths = (
			);
			outputPaths = (
				"$(DERIVED_FILE_DIR)/Pods-AdressBook-checkManifestLockResult.txt",
			);
			runOnlyForDeploymentPostprocessing = 0;
			shellPath = /bin/sh;
			shellScript = "diff \"${PODS_PODFILE_DIR_PATH}/Podfile.lock\" \"${PODS_ROOT}/Manifest.lock\" > /dev/null\nif [ $? != 0 ] ; then\n    # print error to STDERR\n    echo \"error: The sandbox is not in sync with the Podfile.lock. Run 'pod install' or update your CocoaPods installation.\" >&2\n    exit 1\nfi\n# This output is used by Xcode 'outputs' to avoid re-running this script phase.\necho \"SUCCESS\" > \"${SCRIPT_OUTPUT_FILE_0}\"\n";
			showEnvVarsInLog = 0;
		};
/* End PBXShellScriptBuildPhase section */

/* Begin PBXSourcesBuildPhase section */
		B27DE0342151627600CC1359 /* Sources */ = {
			isa = PBXSourcesBuildPhase;
			buildActionMask = 2147483647;
			files = (
				B27DE0572151644600CC1359 /* MXNetwork.m in Sources */,
				B2A481E1215215B5003069D1 /* MXUser.m in Sources */,
				B27DE0402151627600CC1359 /* MXLoginViewController.m in Sources */,
				B27DE04E2151627A00CC1359 /* main.m in Sources */,
				B27DE03D2151627600CC1359 /* AppDelegate.m in Sources */,
				B27DE05A2151765900CC1359 /* MXSession.m in Sources */,
			);
			runOnlyForDeploymentPostprocessing = 0;
		};
/* End PBXSourcesBuildPhase section */

/* Begin PBXVariantGroup section */
		B27DE0412151627600CC1359 /* Main.storyboard */ = {
			isa = PBXVariantGroup;
			children = (
				B27DE0422151627600CC1359 /* Base */,
			);
			name = Main.storyboard;
			sourceTree = "<group>";
		};
		B27DE0492151627A00CC1359 /* LaunchScreen.storyboard */ = {
			isa = PBXVariantGroup;
			children = (
				B27DE04A2151627A00CC1359 /* Base */,
			);
			name = LaunchScreen.storyboard;
			sourceTree = "<group>";
		};
/* End PBXVariantGroup section */

/* Begin XCBuildConfiguration section */
		B27DE04F2151627A00CC1359 /* Debug */ = {
			isa = XCBuildConfiguration;
			buildSettings = {
				ALWAYS_SEARCH_USER_PATHS = NO;
				CLANG_ANALYZER_NONNULL = YES;
				CLANG_ANALYZER_NUMBER_OBJECT_CONVERSION = YES_AGGRESSIVE;
				CLANG_CXX_LANGUAGE_STANDARD = "gnu++14";
				CLANG_CXX_LIBRARY = "libc++";
				CLANG_ENABLE_MODULES = YES;
				CLANG_ENABLE_OBJC_ARC = YES;
				CLANG_ENABLE_OBJC_WEAK = YES;
				CLANG_WARN_BLOCK_CAPTURE_AUTORELEASING = YES;
				CLANG_WARN_BOOL_CONVERSION = YES;
				CLANG_WARN_COMMA = YES;
				CLANG_WARN_CONSTANT_CONVERSION = YES;
				CLANG_WARN_DEPRECATED_OBJC_IMPLEMENTATIONS = YES;
				CLANG_WARN_DIRECT_OBJC_ISA_USAGE = YES_ERROR;
				CLANG_WARN_DOCUMENTATION_COMMENTS = YES;
				CLANG_WARN_EMPTY_BODY = YES;
				CLANG_WARN_ENUM_CONVERSION = YES;
				CLANG_WARN_INFINITE_RECURSION = YES;
				CLANG_WARN_INT_CONVERSION = YES;
				CLANG_WARN_NON_LITERAL_NULL_CONVERSION = YES;
				CLANG_WARN_OBJC_IMPLICIT_RETAIN_SELF = YES;
				CLANG_WARN_OBJC_LITERAL_CONVERSION = YES;
				CLANG_WARN_OBJC_ROOT_CLASS = YES_ERROR;
				CLANG_WARN_RANGE_LOOP_ANALYSIS = YES;
				CLANG_WARN_STRICT_PROTOTYPES = YES;
				CLANG_WARN_SUSPICIOUS_MOVE = YES;
				CLANG_WARN_UNGUARDED_AVAILABILITY = YES_AGGRESSIVE;
				CLANG_WARN_UNREACHABLE_CODE = YES;
				CLANG_WARN__DUPLICATE_METHOD_MATCH = YES;
				CODE_SIGN_IDENTITY = "iPhone Developer";
				COPY_PHASE_STRIP = NO;
				DEBUG_INFORMATION_FORMAT = dwarf;
				ENABLE_STRICT_OBJC_MSGSEND = YES;
				ENABLE_TESTABILITY = YES;
				GCC_C_LANGUAGE_STANDARD = gnu11;
				GCC_DYNAMIC_NO_PIC = NO;
				GCC_NO_COMMON_BLOCKS = YES;
				GCC_OPTIMIZATION_LEVEL = 0;
				GCC_PREPROCESSOR_DEFINITIONS = (
					"DEBUG=1",
					"$(inherited)",
				);
				GCC_WARN_64_TO_32_BIT_CONVERSION = YES;
				GCC_WARN_ABOUT_RETURN_TYPE = YES_ERROR;
				GCC_WARN_UNDECLARED_SELECTOR = YES;
				GCC_WARN_UNINITIALIZED_AUTOS = YES_AGGRESSIVE;
				GCC_WARN_UNUSED_FUNCTION = YES;
				GCC_WARN_UNUSED_VARIABLE = YES;
				IPHONEOS_DEPLOYMENT_TARGET = 12.0;
				MTL_ENABLE_DEBUG_INFO = INCLUDE_SOURCE;
				MTL_FAST_MATH = YES;
				ONLY_ACTIVE_ARCH = YES;
				SDKROOT = iphoneos;
			};
			name = Debug;
		};
		B27DE0502151627A00CC1359 /* Release */ = {
			isa = XCBuildConfiguration;
			buildSettings = {
				ALWAYS_SEARCH_USER_PATHS = NO;
				CLANG_ANALYZER_NONNULL = YES;
				CLANG_ANALYZER_NUMBER_OBJECT_CONVERSION = YES_AGGRESSIVE;
				CLANG_CXX_LANGUAGE_STANDARD = "gnu++14";
				CLANG_CXX_LIBRARY = "libc++";
				CLANG_ENABLE_MODULES = YES;
				CLANG_ENABLE_OBJC_ARC = YES;
				CLANG_ENABLE_OBJC_WEAK = YES;
				CLANG_WARN_BLOCK_CAPTURE_AUTORELEASING = YES;
				CLANG_WARN_BOOL_CONVERSION = YES;
				CLANG_WARN_COMMA = YES;
				CLANG_WARN_CONSTANT_CONVERSION = YES;
				CLANG_WARN_DEPRECATED_OBJC_IMPLEMENTATIONS = YES;
				CLANG_WARN_DIRECT_OBJC_ISA_USAGE = YES_ERROR;
				CLANG_WARN_DOCUMENTATION_COMMENTS = YES;
				CLANG_WARN_EMPTY_BODY = YES;
				CLANG_WARN_ENUM_CONVERSION = YES;
				CLANG_WARN_INFINITE_RECURSION = YES;
				CLANG_WARN_INT_CONVERSION = YES;
				CLANG_WARN_NON_LITERAL_NULL_CONVERSION = YES;
				CLANG_WARN_OBJC_IMPLICIT_RETAIN_SELF = YES;
				CLANG_WARN_OBJC_LITERAL_CONVERSION = YES;
				CLANG_WARN_OBJC_ROOT_CLASS = YES_ERROR;
				CLANG_WARN_RANGE_LOOP_ANALYSIS = YES;
				CLANG_WARN_STRICT_PROTOTYPES = YES;
				CLANG_WARN_SUSPICIOUS_MOVE = YES;
				CLANG_WARN_UNGUARDED_AVAILABILITY = YES_AGGRESSIVE;
				CLANG_WARN_UNREACHABLE_CODE = YES;
				CLANG_WARN__DUPLICATE_METHOD_MATCH = YES;
				CODE_SIGN_IDENTITY = "iPhone Developer";
				COPY_PHASE_STRIP = NO;
				DEBUG_INFORMATION_FORMAT = "dwarf-with-dsym";
				ENABLE_NS_ASSERTIONS = NO;
				ENABLE_STRICT_OBJC_MSGSEND = YES;
				GCC_C_LANGUAGE_STANDARD = gnu11;
				GCC_NO_COMMON_BLOCKS = YES;
				GCC_WARN_64_TO_32_BIT_CONVERSION = YES;
				GCC_WARN_ABOUT_RETURN_TYPE = YES_ERROR;
				GCC_WARN_UNDECLARED_SELECTOR = YES;
				GCC_WARN_UNINITIALIZED_AUTOS = YES_AGGRESSIVE;
				GCC_WARN_UNUSED_FUNCTION = YES;
				GCC_WARN_UNUSED_VARIABLE = YES;
				IPHONEOS_DEPLOYMENT_TARGET = 12.0;
				MTL_ENABLE_DEBUG_INFO = NO;
				MTL_FAST_MATH = YES;
				SDKROOT = iphoneos;
				VALIDATE_PRODUCT = YES;
			};
			name = Release;
		};
		B27DE0522151627A00CC1359 /* Debug */ = {
			isa = XCBuildConfiguration;
			baseConfigurationReference = FF653B36CE81F923C343EF50 /* Pods-AdressBook.debug.xcconfig */;
			buildSettings = {
				ASSETCATALOG_COMPILER_APPICON_NAME = AppIcon;
				CODE_SIGN_ENTITLEMENTS = AddressBook/AddressBook.entitlements;
				CODE_SIGN_STYLE = Automatic;
				DEVELOPMENT_TEAM = G7XAPEX3G9;
				INFOPLIST_FILE = "$(SRCROOT)/AddressBook/Info.plist";
				IPHONEOS_DEPLOYMENT_TARGET = 9.3;
				LD_RUNPATH_SEARCH_PATHS = (
					"$(inherited)",
					"@executable_path/Frameworks",
				);
				PRODUCT_BUNDLE_IDENTIFIER = com.mesropK.AdressBook;
				PRODUCT_NAME = "$(TARGET_NAME)";
				TARGETED_DEVICE_FAMILY = "1,2";
			};
			name = Debug;
		};
		B27DE0532151627A00CC1359 /* Release */ = {
			isa = XCBuildConfiguration;
			baseConfigurationReference = 754BBE928ECA01FE0E4EBD67 /* Pods-AdressBook.release.xcconfig */;
			buildSettings = {
				ASSETCATALOG_COMPILER_APPICON_NAME = AppIcon;
				CODE_SIGN_ENTITLEMENTS = AddressBook/AddressBook.entitlements;
				CODE_SIGN_STYLE = Automatic;
				DEVELOPMENT_TEAM = G7XAPEX3G9;
				INFOPLIST_FILE = "$(SRCROOT)/AddressBook/Info.plist";
				IPHONEOS_DEPLOYMENT_TARGET = 9.3;
				LD_RUNPATH_SEARCH_PATHS = (
					"$(inherited)",
					"@executable_path/Frameworks",
				);
				PRODUCT_BUNDLE_IDENTIFIER = com.mesropK.AdressBook;
				PRODUCT_NAME = "$(TARGET_NAME)";
				TARGETED_DEVICE_FAMILY = "1,2";
			};
			name = Release;
		};
/* End XCBuildConfiguration section */

/* Begin XCConfigurationList section */
		B27DE0332151627600CC1359 /* Build configuration list for PBXProject "AddressBook" */ = {
			isa = XCConfigurationList;
			buildConfigurations = (
				B27DE04F2151627A00CC1359 /* Debug */,
				B27DE0502151627A00CC1359 /* Release */,
			);
			defaultConfigurationIsVisible = 0;
			defaultConfigurationName = Release;
		};
		B27DE0512151627A00CC1359 /* Build configuration list for PBXNativeTarget "AddressBook" */ = {
			isa = XCConfigurationList;
			buildConfigurations = (
				B27DE0522151627A00CC1359 /* Debug */,
				B27DE0532151627A00CC1359 /* Release */,
			);
			defaultConfigurationIsVisible = 0;
			defaultConfigurationName = Release;
		};
/* End XCConfigurationList section */
	};
	rootObject = B27DE0302151627600CC1359 /* Project object */;
}
