// !$*UTF8*$!
{
	archiveVersion = 1;
	classes = {
	};
	objectVersion = 50;
	objects = {

/* Begin PBXBuildFile section */
		0728020CAA669DFF73B0D36A /* libPods-AddressBook.a in Frameworks */ = {isa = PBXBuildFile; fileRef = 91ED14553F046EF34D0A71D8 /* libPods-AddressBook.a */; };
		B24DAA052152CEE300E254F7 /* Launch Screen.storyboard in Resources */ = {isa = PBXBuildFile; fileRef = B24DAA042152CEE300E254F7 /* Launch Screen.storyboard */; };
		B24DAA0821541AEE00E254F7 /* MXCompany.m in Sources */ = {isa = PBXBuildFile; fileRef = B24DAA0721541AEE00E254F7 /* MXCompany.m */; };
		B24DAA0B21541AFD00E254F7 /* MXDepartment.m in Sources */ = {isa = PBXBuildFile; fileRef = B24DAA0A21541AFD00E254F7 /* MXDepartment.m */; };
		B24DAA0E21541B0D00E254F7 /* MXEmployee.m in Sources */ = {isa = PBXBuildFile; fileRef = B24DAA0D21541B0D00E254F7 /* MXEmployee.m */; };
		B24DAA142154233200E254F7 /* MXDataSerializer.m in Sources */ = {isa = PBXBuildFile; fileRef = B24DAA132154233200E254F7 /* MXDataSerializer.m */; };
		B24DAA1721542BB500E254F7 /* Errors.m in Sources */ = {isa = PBXBuildFile; fileRef = B24DAA1621542BB500E254F7 /* Errors.m */; };
		B24DAA1B21557A1E00E254F7 /* MXEmployeeCell.m in Sources */ = {isa = PBXBuildFile; fileRef = B24DAA1921557A1E00E254F7 /* MXEmployeeCell.m */; };
		B24DAA1C21557A1E00E254F7 /* MXEmployeeCell.xib in Resources */ = {isa = PBXBuildFile; fileRef = B24DAA1A21557A1E00E254F7 /* MXEmployeeCell.xib */; };
		B268DDA221524E9A00AFD142 /* MXLoginViewController+TextFiledDelegate.m in Sources */ = {isa = PBXBuildFile; fileRef = B268DDA121524E9A00AFD142 /* MXLoginViewController+TextFiledDelegate.m */; };
		B268DDA62152551100AFD142 /* MXEmployeeListViewController.m in Sources */ = {isa = PBXBuildFile; fileRef = B268DDA52152551100AFD142 /* MXEmployeeListViewController.m */; };
		B27DE03D2151627600CC1359 /* AppDelegate.m in Sources */ = {isa = PBXBuildFile; fileRef = B27DE03C2151627600CC1359 /* AppDelegate.m */; };
		B27DE0402151627600CC1359 /* MXLoginViewController.m in Sources */ = {isa = PBXBuildFile; fileRef = B27DE03F2151627600CC1359 /* MXLoginViewController.m */; };
		B27DE0432151627600CC1359 /* Main.storyboard in Resources */ = {isa = PBXBuildFile; fileRef = B27DE0412151627600CC1359 /* Main.storyboard */; };
		B27DE04E2151627A00CC1359 /* main.m in Sources */ = {isa = PBXBuildFile; fileRef = B27DE04D2151627A00CC1359 /* main.m */; };
		B27DE0572151644600CC1359 /* MXNetwork.m in Sources */ = {isa = PBXBuildFile; fileRef = B27DE0562151644600CC1359 /* MXNetwork.m */; };
		B27DE05A2151765900CC1359 /* MXSession.m in Sources */ = {isa = PBXBuildFile; fileRef = B27DE0592151765900CC1359 /* MXSession.m */; };
		B28007C921525D4000D0C3D8 /* UIColor+MX.m in Sources */ = {isa = PBXBuildFile; fileRef = B28007C821525D4000D0C3D8 /* UIColor+MX.m */; };
		B28007CB21525EE800D0C3D8 /* Colors.xcassets in Resources */ = {isa = PBXBuildFile; fileRef = B28007CA21525EE800D0C3D8 /* Colors.xcassets */; };
		B28007CE2152707000D0C3D8 /* MXSplashViewController.m in Sources */ = {isa = PBXBuildFile; fileRef = B28007CD2152707000D0C3D8 /* MXSplashViewController.m */; };
		B2A481E1215215B5003069D1 /* MXUser.m in Sources */ = {isa = PBXBuildFile; fileRef = B2A481E0215215B5003069D1 /* MXUser.m */; };
		B2E2CDFF21560AFE0022CC3E /* Images.xcassets in Resources */ = {isa = PBXBuildFile; fileRef = B2E2CDFE21560AFE0022CC3E /* Images.xcassets */; };
		B2FB579721522ABD00F96524 /* MXRoundedButton.m in Sources */ = {isa = PBXBuildFile; fileRef = B2FB579621522ABD00F96524 /* MXRoundedButton.m */; };
		B2FB579B21522E0900F96524 /* MXRoundedTextField.m in Sources */ = {isa = PBXBuildFile; fileRef = B2FB579A21522E0900F96524 /* MXRoundedTextField.m */; };
/* End PBXBuildFile section */

/* Begin PBXFileReference section */
		91ED14553F046EF34D0A71D8 /* libPods-AddressBook.a */ = {isa = PBXFileReference; explicitFileType = archive.ar; includeInIndex = 0; path = "libPods-AddressBook.a"; sourceTree = BUILT_PRODUCTS_DIR; };
		AE3A7CDB4D3FB63C8D4E717E /* Pods-AddressBook.debug.xcconfig */ = {isa = PBXFileReference; includeInIndex = 1; lastKnownFileType = text.xcconfig; name = "Pods-AddressBook.debug.xcconfig"; path = "Pods/Target Support Files/Pods-AddressBook/Pods-AddressBook.debug.xcconfig"; sourceTree = "<group>"; };
		B24DAA042152CEE300E254F7 /* Launch Screen.storyboard */ = {isa = PBXFileReference; lastKnownFileType = file.storyboard; path = "Launch Screen.storyboard"; sourceTree = "<group>"; };
		B24DAA0621541AEE00E254F7 /* MXCompany.h */ = {isa = PBXFileReference; lastKnownFileType = sourcecode.c.h; path = MXCompany.h; sourceTree = "<group>"; };
		B24DAA0721541AEE00E254F7 /* MXCompany.m */ = {isa = PBXFileReference; lastKnownFileType = sourcecode.c.objc; path = MXCompany.m; sourceTree = "<group>"; };
		B24DAA0921541AFD00E254F7 /* MXDepartment.h */ = {isa = PBXFileReference; lastKnownFileType = sourcecode.c.h; path = MXDepartment.h; sourceTree = "<group>"; };
		B24DAA0A21541AFD00E254F7 /* MXDepartment.m */ = {isa = PBXFileReference; lastKnownFileType = sourcecode.c.objc; path = MXDepartment.m; sourceTree = "<group>"; };
		B24DAA0C21541B0D00E254F7 /* MXEmployee.h */ = {isa = PBXFileReference; lastKnownFileType = sourcecode.c.h; path = MXEmployee.h; sourceTree = "<group>"; };
		B24DAA0D21541B0D00E254F7 /* MXEmployee.m */ = {isa = PBXFileReference; lastKnownFileType = sourcecode.c.objc; path = MXEmployee.m; sourceTree = "<group>"; };
		B24DAA0F21541D2000E254F7 /* MXEntity.h */ = {isa = PBXFileReference; lastKnownFileType = sourcecode.c.h; path = MXEntity.h; sourceTree = "<group>"; };
		B24DAA122154233200E254F7 /* MXDataSerializer.h */ = {isa = PBXFileReference; lastKnownFileType = sourcecode.c.h; path = MXDataSerializer.h; sourceTree = "<group>"; };
		B24DAA132154233200E254F7 /* MXDataSerializer.m */ = {isa = PBXFileReference; lastKnownFileType = sourcecode.c.objc; path = MXDataSerializer.m; sourceTree = "<group>"; };
		B24DAA152154257900E254F7 /* Errors.h */ = {isa = PBXFileReference; lastKnownFileType = sourcecode.c.h; path = Errors.h; sourceTree = "<group>"; };
		B24DAA1621542BB500E254F7 /* Errors.m */ = {isa = PBXFileReference; lastKnownFileType = sourcecode.c.objc; path = Errors.m; sourceTree = "<group>"; };
		B24DAA1821557A1E00E254F7 /* MXEmployeeCell.h */ = {isa = PBXFileReference; lastKnownFileType = sourcecode.c.h; path = MXEmployeeCell.h; sourceTree = "<group>"; };
		B24DAA1921557A1E00E254F7 /* MXEmployeeCell.m */ = {isa = PBXFileReference; lastKnownFileType = sourcecode.c.objc; path = MXEmployeeCell.m; sourceTree = "<group>"; };
		B24DAA1A21557A1E00E254F7 /* MXEmployeeCell.xib */ = {isa = PBXFileReference; lastKnownFileType = file.xib; path = MXEmployeeCell.xib; sourceTree = "<group>"; };
		B268DDA021524E9A00AFD142 /* MXLoginViewController+TextFiledDelegate.h */ = {isa = PBXFileReference; lastKnownFileType = sourcecode.c.h; path = "MXLoginViewController+TextFiledDelegate.h"; sourceTree = "<group>"; };
		B268DDA121524E9A00AFD142 /* MXLoginViewController+TextFiledDelegate.m */ = {isa = PBXFileReference; lastKnownFileType = sourcecode.c.objc; path = "MXLoginViewController+TextFiledDelegate.m"; sourceTree = "<group>"; };
		B268DDA42152551100AFD142 /* MXEmployeeListViewController.h */ = {isa = PBXFileReference; lastKnownFileType = sourcecode.c.h; path = MXEmployeeListViewController.h; sourceTree = "<group>"; };
		B268DDA52152551100AFD142 /* MXEmployeeListViewController.m */ = {isa = PBXFileReference; lastKnownFileType = sourcecode.c.objc; path = MXEmployeeListViewController.m; sourceTree = "<group>"; };
		B27DE0382151627600CC1359 /* AddressBook.app */ = {isa = PBXFileReference; explicitFileType = wrapper.application; includeInIndex = 0; path = AddressBook.app; sourceTree = BUILT_PRODUCTS_DIR; };
		B27DE03B2151627600CC1359 /* AppDelegate.h */ = {isa = PBXFileReference; lastKnownFileType = sourcecode.c.h; path = AppDelegate.h; sourceTree = "<group>"; };
		B27DE03C2151627600CC1359 /* AppDelegate.m */ = {isa = PBXFileReference; lastKnownFileType = sourcecode.c.objc; path = AppDelegate.m; sourceTree = "<group>"; };
		B27DE03E2151627600CC1359 /* MXLoginViewController.h */ = {isa = PBXFileReference; lastKnownFileType = sourcecode.c.h; path = MXLoginViewController.h; sourceTree = "<group>"; };
		B27DE03F2151627600CC1359 /* MXLoginViewController.m */ = {isa = PBXFileReference; lastKnownFileType = sourcecode.c.objc; path = MXLoginViewController.m; sourceTree = "<group>"; };
		B27DE0422151627600CC1359 /* Base */ = {isa = PBXFileReference; lastKnownFileType = file.storyboard; name = Base; path = Base.lproj/Main.storyboard; sourceTree = "<group>"; };
		B27DE04C2151627A00CC1359 /* Info.plist */ = {isa = PBXFileReference; lastKnownFileType = text.plist.xml; path = Info.plist; sourceTree = "<group>"; };
		B27DE04D2151627A00CC1359 /* main.m */ = {isa = PBXFileReference; lastKnownFileType = sourcecode.c.objc; path = main.m; sourceTree = "<group>"; };
		B27DE0552151644600CC1359 /* MXNetwork.h */ = {isa = PBXFileReference; lastKnownFileType = sourcecode.c.h; path = MXNetwork.h; sourceTree = "<group>"; };
		B27DE0562151644600CC1359 /* MXNetwork.m */ = {isa = PBXFileReference; lastKnownFileType = sourcecode.c.objc; path = MXNetwork.m; sourceTree = "<group>"; };
		B27DE0582151765900CC1359 /* MXSession.h */ = {isa = PBXFileReference; lastKnownFileType = sourcecode.c.h; path = MXSession.h; sourceTree = "<group>"; };
		B27DE0592151765900CC1359 /* MXSession.m */ = {isa = PBXFileReference; lastKnownFileType = sourcecode.c.objc; path = MXSession.m; sourceTree = "<group>"; };
		B28007C621525C4400D0C3D8 /* UIColor+MX.h */ = {isa = PBXFileReference; lastKnownFileType = sourcecode.c.h; path = "UIColor+MX.h"; sourceTree = "<group>"; };
		B28007C821525D4000D0C3D8 /* UIColor+MX.m */ = {isa = PBXFileReference; lastKnownFileType = sourcecode.c.objc; path = "UIColor+MX.m"; sourceTree = "<group>"; };
		B28007CA21525EE800D0C3D8 /* Colors.xcassets */ = {isa = PBXFileReference; lastKnownFileType = folder.assetcatalog; path = Colors.xcassets; sourceTree = "<group>"; };
		B28007CC2152707000D0C3D8 /* MXSplashViewController.h */ = {isa = PBXFileReference; lastKnownFileType = sourcecode.c.h; path = MXSplashViewController.h; sourceTree = "<group>"; };
		B28007CD2152707000D0C3D8 /* MXSplashViewController.m */ = {isa = PBXFileReference; lastKnownFileType = sourcecode.c.objc; path = MXSplashViewController.m; sourceTree = "<group>"; };
		B2A481DF215215B5003069D1 /* MXUser.h */ = {isa = PBXFileReference; lastKnownFileType = sourcecode.c.h; path = MXUser.h; sourceTree = "<group>"; };
		B2A481E0215215B5003069D1 /* MXUser.m */ = {isa = PBXFileReference; lastKnownFileType = sourcecode.c.objc; path = MXUser.m; sourceTree = "<group>"; };
		B2E2CDFE21560AFE0022CC3E /* Images.xcassets */ = {isa = PBXFileReference; lastKnownFileType = folder.assetcatalog; path = Images.xcassets; sourceTree = "<group>"; };
		B2FB5793215222E300F96524 /* AddressBook.entitlements */ = {isa = PBXFileReference; lastKnownFileType = text.plist.entitlements; path = AddressBook.entitlements; sourceTree = "<group>"; };
		B2FB579521522ABD00F96524 /* MXRoundedButton.h */ = {isa = PBXFileReference; lastKnownFileType = sourcecode.c.h; path = MXRoundedButton.h; sourceTree = "<group>"; };
		B2FB579621522ABD00F96524 /* MXRoundedButton.m */ = {isa = PBXFileReference; lastKnownFileType = sourcecode.c.objc; path = MXRoundedButton.m; sourceTree = "<group>"; };
		B2FB579921522E0900F96524 /* MXRoundedTextField.h */ = {isa = PBXFileReference; lastKnownFileType = sourcecode.c.h; path = MXRoundedTextField.h; sourceTree = "<group>"; };
		B2FB579A21522E0900F96524 /* MXRoundedTextField.m */ = {isa = PBXFileReference; lastKnownFileType = sourcecode.c.objc; path = MXRoundedTextField.m; sourceTree = "<group>"; };
		E12A4A03C3F51866133F8C91 /* Pods-AddressBook.release.xcconfig */ = {isa = PBXFileReference; includeInIndex = 1; lastKnownFileType = text.xcconfig; name = "Pods-AddressBook.release.xcconfig"; path = "Pods/Target Support Files/Pods-AddressBook/Pods-AddressBook.release.xcconfig"; sourceTree = "<group>"; };
/* End PBXFileReference section */

/* Begin PBXFrameworksBuildPhase section */
		B27DE0352151627600CC1359 /* Frameworks */ = {
			isa = PBXFrameworksBuildPhase;
			buildActionMask = 2147483647;
			files = (
				0728020CAA669DFF73B0D36A /* libPods-AddressBook.a in Frameworks */,
			);
			runOnlyForDeploymentPostprocessing = 0;
		};
/* End PBXFrameworksBuildPhase section */

/* Begin PBXGroup section */
		2BDAD3AC5691F96B2621CA6E /* Frameworks */ = {
			isa = PBXGroup;
			children = (
				91ED14553F046EF34D0A71D8 /* libPods-AddressBook.a */,
			);
			name = Frameworks;
			sourceTree = "<group>";
		};
		7490FF485D720F6DB7AE922C /* Pods */ = {
			isa = PBXGroup;
			children = (
				AE3A7CDB4D3FB63C8D4E717E /* Pods-AddressBook.debug.xcconfig */,
				E12A4A03C3F51866133F8C91 /* Pods-AddressBook.release.xcconfig */,
			);
			name = Pods;
			sourceTree = "<group>";
		};
		B268DDA3215254E700AFD142 /* Controller */ = {
			isa = PBXGroup;
			children = (
				B27DE03E2151627600CC1359 /* MXLoginViewController.h */,
				B27DE03F2151627600CC1359 /* MXLoginViewController.m */,
				B268DDA021524E9A00AFD142 /* MXLoginViewController+TextFiledDelegate.h */,
				B268DDA121524E9A00AFD142 /* MXLoginViewController+TextFiledDelegate.m */,
				B268DDA42152551100AFD142 /* MXEmployeeListViewController.h */,
				B268DDA52152551100AFD142 /* MXEmployeeListViewController.m */,
				B28007CC2152707000D0C3D8 /* MXSplashViewController.h */,
				B28007CD2152707000D0C3D8 /* MXSplashViewController.m */,
				B24DAA1821557A1E00E254F7 /* MXEmployeeCell.h */,
				B24DAA1921557A1E00E254F7 /* MXEmployeeCell.m */,
				B24DAA1A21557A1E00E254F7 /* MXEmployeeCell.xib */,
			);
			path = Controller;
			sourceTree = "<group>";
		};
		B27DE02F2151627600CC1359 = {
			isa = PBXGroup;
			children = (
				B27DE03A2151627600CC1359 /* AddressBook */,
				B27DE0392151627600CC1359 /* Products */,
				7490FF485D720F6DB7AE922C /* Pods */,
				2BDAD3AC5691F96B2621CA6E /* Frameworks */,
			);
			sourceTree = "<group>";
		};
		B27DE0392151627600CC1359 /* Products */ = {
			isa = PBXGroup;
			children = (
				B27DE0382151627600CC1359 /* AddressBook.app */,
			);
			name = Products;
			sourceTree = "<group>";
		};
		B27DE03A2151627600CC1359 /* AddressBook */ = {
			isa = PBXGroup;
			children = (
				B2FB5793215222E300F96524 /* AddressBook.entitlements */,
				B28007C721525C5800D0C3D8 /* Extenssions */,
				B27DE0542151642300CC1359 /* Session */,
				B2FB579421522A6C00F96524 /* View */,
				B2A481DE215215A9003069D1 /* Models */,
				B268DDA3215254E700AFD142 /* Controller */,
				B27DE03B2151627600CC1359 /* AppDelegate.h */,
				B27DE03C2151627600CC1359 /* AppDelegate.m */,
				B27DE0412151627600CC1359 /* Main.storyboard */,
				B24DAA042152CEE300E254F7 /* Launch Screen.storyboard */,
				B28007CA21525EE800D0C3D8 /* Colors.xcassets */,
				B2E2CDFE21560AFE0022CC3E /* Images.xcassets */,
				B27DE04C2151627A00CC1359 /* Info.plist */,
				B27DE04D2151627A00CC1359 /* main.m */,
			);
			path = AddressBook;
			sourceTree = "<group>";
		};
		B27DE0542151642300CC1359 /* Session */ = {
			isa = PBXGroup;
			children = (
				B24DAA152154257900E254F7 /* Errors.h */,
				B24DAA1621542BB500E254F7 /* Errors.m */,
				B27DE0552151644600CC1359 /* MXNetwork.h */,
				B27DE0562151644600CC1359 /* MXNetwork.m */,
				B27DE0582151765900CC1359 /* MXSession.h */,
				B27DE0592151765900CC1359 /* MXSession.m */,
				B24DAA122154233200E254F7 /* MXDataSerializer.h */,
				B24DAA132154233200E254F7 /* MXDataSerializer.m */,
			);
			path = Session;
			sourceTree = "<group>";
		};
		B28007C721525C5800D0C3D8 /* Extenssions */ = {
			isa = PBXGroup;
			children = (
				B28007C621525C4400D0C3D8 /* UIColor+MX.h */,
				B28007C821525D4000D0C3D8 /* UIColor+MX.m */,
			);
			path = Extenssions;
			sourceTree = "<group>";
		};
		B2A481DE215215A9003069D1 /* Models */ = {
			isa = PBXGroup;
			children = (
				B2A481DF215215B5003069D1 /* MXUser.h */,
				B2A481E0215215B5003069D1 /* MXUser.m */,
				B24DAA0F21541D2000E254F7 /* MXEntity.h */,
				B24DAA0621541AEE00E254F7 /* MXCompany.h */,
				B24DAA0721541AEE00E254F7 /* MXCompany.m */,
				B24DAA0921541AFD00E254F7 /* MXDepartment.h */,
				B24DAA0A21541AFD00E254F7 /* MXDepartment.m */,
				B24DAA0C21541B0D00E254F7 /* MXEmployee.h */,
				B24DAA0D21541B0D00E254F7 /* MXEmployee.m */,
			);
			path = Models;
			sourceTree = "<group>";
		};
		B2FB579421522A6C00F96524 /* View */ = {
			isa = PBXGroup;
			children = (
				B2FB579521522ABD00F96524 /* MXRoundedButton.h */,
				B2FB579621522ABD00F96524 /* MXRoundedButton.m */,
				B2FB579921522E0900F96524 /* MXRoundedTextField.h */,
				B2FB579A21522E0900F96524 /* MXRoundedTextField.m */,
			);
			path = View;
			sourceTree = "<group>";
		};
/* End PBXGroup section */

/* Begin PBXNativeTarget section */
		B27DE0372151627600CC1359 /* AddressBook */ = {
			isa = PBXNativeTarget;
			buildConfigurationList = B27DE0512151627A00CC1359 /* Build configuration list for PBXNativeTarget "AddressBook" */;
			buildPhases = (
				01254C9FBF5295AD823B2D31 /* [CP] Check Pods Manifest.lock */,
				B27DE0342151627600CC1359 /* Sources */,
				B27DE0352151627600CC1359 /* Frameworks */,
				B27DE0362151627600CC1359 /* Resources */,
			);
			buildRules = (
			);
			dependencies = (
			);
			name = AddressBook;
			productName = AdressBook;
			productReference = B27DE0382151627600CC1359 /* AddressBook.app */;
			productType = "com.apple.product-type.application";
		};
/* End PBXNativeTarget section */

/* Begin PBXProject section */
		B27DE0302151627600CC1359 /* Project object */ = {
			isa = PBXProject;
			attributes = {
				LastUpgradeCheck = 1000;
				ORGANIZATIONNAME = "Mesrop Kareyan";
				TargetAttributes = {
					B27DE0372151627600CC1359 = {
						CreatedOnToolsVersion = 10.0;
						SystemCapabilities = {
							com.apple.Keychain = {
								enabled = 1;
							};
						};
					};
				};
			};
			buildConfigurationList = B27DE0332151627600CC1359 /* Build configuration list for PBXProject "AddressBook" */;
			compatibilityVersion = "Xcode 9.3";
			developmentRegion = en;
			hasScannedForEncodings = 0;
			knownRegions = (
				en,
				Base,
			);
			mainGroup = B27DE02F2151627600CC1359;
			productRefGroup = B27DE0392151627600CC1359 /* Products */;
			projectDirPath = "";
			projectRoot = "";
			targets = (
				B27DE0372151627600CC1359 /* AddressBook */,
			);
		};
/* End PBXProject section */

/* Begin PBXResourcesBuildPhase section */
		B27DE0362151627600CC1359 /* Resources */ = {
			isa = PBXResourcesBuildPhase;
			buildActionMask = 2147483647;
			files = (
				B28007CB21525EE800D0C3D8 /* Colors.xcassets in Resources */,
				B2E2CDFF21560AFE0022CC3E /* Images.xcassets in Resources */,
				B24DAA1C21557A1E00E254F7 /* MXEmployeeCell.xib in Resources */,
				B27DE0432151627600CC1359 /* Main.storyboard in Resources */,
				B24DAA052152CEE300E254F7 /* Launch Screen.storyboard in Resources */,
			);
			runOnlyForDeploymentPostprocessing = 0;
		};
/* End PBXResourcesBuildPhase section */

/* Begin PBXShellScriptBuildPhase section */
		01254C9FBF5295AD823B2D31 /* [CP] Check Pods Manifest.lock */ = {
			isa = PBXShellScriptBuildPhase;
			buildActionMask = 2147483647;
			files = (
			);
			inputFileListPaths = (
			);
			inputPaths = (
				"${PODS_PODFILE_DIR_PATH}/Podfile.lock",
				"${PODS_ROOT}/Manifest.lock",
			);
			name = "[CP] Check Pods Manifest.lock";
			outputFileListPaths = (
			);
			outputPaths = (
				"$(DERIVED_FILE_DIR)/Pods-AddressBook-checkManifestLockResult.txt",
			);
			runOnlyForDeploymentPostprocessing = 0;
			shellPath = /bin/sh;
			shellScript = "diff \"${PODS_PODFILE_DIR_PATH}/Podfile.lock\" \"${PODS_ROOT}/Manifest.lock\" > /dev/null\nif [ $? != 0 ] ; then\n    # print error to STDERR\n    echo \"error: The sandbox is not in sync with the Podfile.lock. Run 'pod install' or update your CocoaPods installation.\" >&2\n    exit 1\nfi\n# This output is used by Xcode 'outputs' to avoid re-running this script phase.\necho \"SUCCESS\" > \"${SCRIPT_OUTPUT_FILE_0}\"\n";
			showEnvVarsInLog = 0;
		};
/* End PBXShellScriptBuildPhase section */

/* Begin PBXSourcesBuildPhase section */
		B27DE0342151627600CC1359 /* Sources */ = {
			isa = PBXSourcesBuildPhase;
			buildActionMask = 2147483647;
			files = (
				B27DE0572151644600CC1359 /* MXNetwork.m in Sources */,
				B2A481E1215215B5003069D1 /* MXUser.m in Sources */,
				B28007CE2152707000D0C3D8 /* MXSplashViewController.m in Sources */,
				B24DAA0821541AEE00E254F7 /* MXCompany.m in Sources */,
				B24DAA1721542BB500E254F7 /* Errors.m in Sources */,
				B24DAA1B21557A1E00E254F7 /* MXEmployeeCell.m in Sources */,
				B27DE0402151627600CC1359 /* MXLoginViewController.m in Sources */,
				B28007C921525D4000D0C3D8 /* UIColor+MX.m in Sources */,
				B27DE04E2151627A00CC1359 /* main.m in Sources */,
				B2FB579721522ABD00F96524 /* MXRoundedButton.m in Sources */,
				B268DDA221524E9A00AFD142 /* MXLoginViewController+TextFiledDelegate.m in Sources */,
				B24DAA142154233200E254F7 /* MXDataSerializer.m in Sources */,
				B27DE03D2151627600CC1359 /* AppDelegate.m in Sources */,
				B2FB579B21522E0900F96524 /* MXRoundedTextField.m in Sources */,
				B268DDA62152551100AFD142 /* MXEmployeeListViewController.m in Sources */,
				B24DAA0B21541AFD00E254F7 /* MXDepartment.m in Sources */,
				B24DAA0E21541B0D00E254F7 /* MXEmployee.m in Sources */,
				B27DE05A2151765900CC1359 /* MXSession.m in Sources */,
			);
			runOnlyForDeploymentPostprocessing = 0;
		};
/* End PBXSourcesBuildPhase section */

/* Begin PBXVariantGroup section */
		B27DE0412151627600CC1359 /* Main.storyboard */ = {
			isa = PBXVariantGroup;
			children = (
				B27DE0422151627600CC1359 /* Base */,
			);
			name = Main.storyboard;
			sourceTree = "<group>";
		};
/* End PBXVariantGroup section */

/* Begin XCBuildConfiguration section */
		B27DE04F2151627A00CC1359 /* Debug */ = {
			isa = XCBuildConfiguration;
			buildSettings = {
				ALWAYS_SEARCH_USER_PATHS = NO;
				CLANG_ANALYZER_NONNULL = YES;
				CLANG_ANALYZER_NUMBER_OBJECT_CONVERSION = YES_AGGRESSIVE;
				CLANG_CXX_LANGUAGE_STANDARD = "gnu++14";
				CLANG_CXX_LIBRARY = "libc++";
				CLANG_ENABLE_MODULES = YES;
				CLANG_ENABLE_OBJC_ARC = YES;
				CLANG_ENABLE_OBJC_WEAK = YES;
				CLANG_WARN_BLOCK_CAPTURE_AUTORELEASING = YES;
				CLANG_WARN_BOOL_CONVERSION = YES;
				CLANG_WARN_COMMA = YES;
				CLANG_WARN_CONSTANT_CONVERSION = YES;
				CLANG_WARN_DEPRECATED_OBJC_IMPLEMENTATIONS = YES;
				CLANG_WARN_DIRECT_OBJC_ISA_USAGE = YES_ERROR;
				CLANG_WARN_DOCUMENTATION_COMMENTS = YES;
				CLANG_WARN_EMPTY_BODY = YES;
				CLANG_WARN_ENUM_CONVERSION = YES;
				CLANG_WARN_INFINITE_RECURSION = YES;
				CLANG_WARN_INT_CONVERSION = YES;
				CLANG_WARN_NON_LITERAL_NULL_CONVERSION = YES;
				CLANG_WARN_OBJC_IMPLICIT_RETAIN_SELF = YES;
				CLANG_WARN_OBJC_LITERAL_CONVERSION = YES;
				CLANG_WARN_OBJC_ROOT_CLASS = YES_ERROR;
				CLANG_WARN_RANGE_LOOP_ANALYSIS = YES;
				CLANG_WARN_STRICT_PROTOTYPES = YES;
				CLANG_WARN_SUSPICIOUS_MOVE = YES;
				CLANG_WARN_UNGUARDED_AVAILABILITY = YES_AGGRESSIVE;
				CLANG_WARN_UNREACHABLE_CODE = YES;
				CLANG_WARN__DUPLICATE_METHOD_MATCH = YES;
				CODE_SIGN_IDENTITY = "iPhone Developer";
				COPY_PHASE_STRIP = NO;
				DEBUG_INFORMATION_FORMAT = dwarf;
				ENABLE_STRICT_OBJC_MSGSEND = YES;
				ENABLE_TESTABILITY = YES;
				GCC_C_LANGUAGE_STANDARD = gnu11;
				GCC_DYNAMIC_NO_PIC = NO;
				GCC_NO_COMMON_BLOCKS = YES;
				GCC_OPTIMIZATION_LEVEL = 0;
				GCC_PREPROCESSOR_DEFINITIONS = (
					"DEBUG=1",
					"$(inherited)",
				);
				GCC_WARN_64_TO_32_BIT_CONVERSION = YES;
				GCC_WARN_ABOUT_RETURN_TYPE = YES_ERROR;
				GCC_WARN_UNDECLARED_SELECTOR = YES;
				GCC_WARN_UNINITIALIZED_AUTOS = YES_AGGRESSIVE;
				GCC_WARN_UNUSED_FUNCTION = YES;
				GCC_WARN_UNUSED_VARIABLE = YES;
				IPHONEOS_DEPLOYMENT_TARGET = 12.0;
				MTL_ENABLE_DEBUG_INFO = INCLUDE_SOURCE;
				MTL_FAST_MATH = YES;
				ONLY_ACTIVE_ARCH = YES;
				SDKROOT = iphoneos;
			};
			name = Debug;
		};
		B27DE0502151627A00CC1359 /* Release */ = {
			isa = XCBuildConfiguration;
			buildSettings = {
				ALWAYS_SEARCH_USER_PATHS = NO;
				CLANG_ANALYZER_NONNULL = YES;
				CLANG_ANALYZER_NUMBER_OBJECT_CONVERSION = YES_AGGRESSIVE;
				CLANG_CXX_LANGUAGE_STANDARD = "gnu++14";
				CLANG_CXX_LIBRARY = "libc++";
				CLANG_ENABLE_MODULES = YES;
				CLANG_ENABLE_OBJC_ARC = YES;
				CLANG_ENABLE_OBJC_WEAK = YES;
				CLANG_WARN_BLOCK_CAPTURE_AUTORELEASING = YES;
				CLANG_WARN_BOOL_CONVERSION = YES;
				CLANG_WARN_COMMA = YES;
				CLANG_WARN_CONSTANT_CONVERSION = YES;
				CLANG_WARN_DEPRECATED_OBJC_IMPLEMENTATIONS = YES;
				CLANG_WARN_DIRECT_OBJC_ISA_USAGE = YES_ERROR;
				CLANG_WARN_DOCUMENTATION_COMMENTS = YES;
				CLANG_WARN_EMPTY_BODY = YES;
				CLANG_WARN_ENUM_CONVERSION = YES;
				CLANG_WARN_INFINITE_RECURSION = YES;
				CLANG_WARN_INT_CONVERSION = YES;
				CLANG_WARN_NON_LITERAL_NULL_CONVERSION = YES;
				CLANG_WARN_OBJC_IMPLICIT_RETAIN_SELF = YES;
				CLANG_WARN_OBJC_LITERAL_CONVERSION = YES;
				CLANG_WARN_OBJC_ROOT_CLASS = YES_ERROR;
				CLANG_WARN_RANGE_LOOP_ANALYSIS = YES;
				CLANG_WARN_STRICT_PROTOTYPES = YES;
				CLANG_WARN_SUSPICIOUS_MOVE = YES;
				CLANG_WARN_UNGUARDED_AVAILABILITY = YES_AGGRESSIVE;
				CLANG_WARN_UNREACHABLE_CODE = YES;
				CLANG_WARN__DUPLICATE_METHOD_MATCH = YES;
				CODE_SIGN_IDENTITY = "iPhone Developer";
				COPY_PHASE_STRIP = NO;
				DEBUG_INFORMATION_FORMAT = "dwarf-with-dsym";
				ENABLE_NS_ASSERTIONS = NO;
				ENABLE_STRICT_OBJC_MSGSEND = YES;
				GCC_C_LANGUAGE_STANDARD = gnu11;
				GCC_NO_COMMON_BLOCKS = YES;
				GCC_WARN_64_TO_32_BIT_CONVERSION = YES;
				GCC_WARN_ABOUT_RETURN_TYPE = YES_ERROR;
				GCC_WARN_UNDECLARED_SELECTOR = YES;
				GCC_WARN_UNINITIALIZED_AUTOS = YES_AGGRESSIVE;
				GCC_WARN_UNUSED_FUNCTION = YES;
				GCC_WARN_UNUSED_VARIABLE = YES;
				IPHONEOS_DEPLOYMENT_TARGET = 12.0;
				MTL_ENABLE_DEBUG_INFO = NO;
				MTL_FAST_MATH = YES;
				SDKROOT = iphoneos;
				VALIDATE_PRODUCT = YES;
			};
			name = Release;
		};
		B27DE0522151627A00CC1359 /* Debug */ = {
			isa = XCBuildConfiguration;
			baseConfigurationReference = AE3A7CDB4D3FB63C8D4E717E /* Pods-AddressBook.debug.xcconfig */;
			buildSettings = {
				ASSETCATALOG_COMPILER_APPICON_NAME = AppIcon;
				CODE_SIGN_ENTITLEMENTS = AddressBook/AddressBook.entitlements;
				CODE_SIGN_STYLE = Automatic;
				DEVELOPMENT_TEAM = G7XAPEX3G9;
				INFOPLIST_FILE = "$(SRCROOT)/AddressBook/Info.plist";
				IPHONEOS_DEPLOYMENT_TARGET = 11.0;
				LD_RUNPATH_SEARCH_PATHS = (
					"$(inherited)",
					"@executable_path/Frameworks",
				);
				PRODUCT_BUNDLE_IDENTIFIER = com.mesropK.AdressBook;
				PRODUCT_NAME = "$(TARGET_NAME)";
				TARGETED_DEVICE_FAMILY = "1,2";
			};
			name = Debug;
		};
		B27DE0532151627A00CC1359 /* Release */ = {
			isa = XCBuildConfiguration;
			baseConfigurationReference = E12A4A03C3F51866133F8C91 /* Pods-AddressBook.release.xcconfig */;
			buildSettings = {
				ASSETCATALOG_COMPILER_APPICON_NAME = AppIcon;
				CODE_SIGN_ENTITLEMENTS = AddressBook/AddressBook.entitlements;
				CODE_SIGN_STYLE = Automatic;
				DEVELOPMENT_TEAM = G7XAPEX3G9;
				INFOPLIST_FILE = "$(SRCROOT)/AddressBook/Info.plist";
				IPHONEOS_DEPLOYMENT_TARGET = 11.0;
				LD_RUNPATH_SEARCH_PATHS = (
					"$(inherited)",
					"@executable_path/Frameworks",
				);
				PRODUCT_BUNDLE_IDENTIFIER = com.mesropK.AdressBook;
				PRODUCT_NAME = "$(TARGET_NAME)";
				TARGETED_DEVICE_FAMILY = "1,2";
			};
			name = Release;
		};
/* End XCBuildConfiguration section */

/* Begin XCConfigurationList section */
		B27DE0332151627600CC1359 /* Build configuration list for PBXProject "AddressBook" */ = {
			isa = XCConfigurationList;
			buildConfigurations = (
				B27DE04F2151627A00CC1359 /* Debug */,
				B27DE0502151627A00CC1359 /* Release */,
			);
			defaultConfigurationIsVisible = 0;
			defaultConfigurationName = Release;
		};
		B27DE0512151627A00CC1359 /* Build configuration list for PBXNativeTarget "AddressBook" */ = {
			isa = XCConfigurationList;
			buildConfigurations = (
				B27DE0522151627A00CC1359 /* Debug */,
				B27DE0532151627A00CC1359 /* Release */,
			);
			defaultConfigurationIsVisible = 0;
			defaultConfigurationName = Release;
		};
/* End XCConfigurationList section */
	};
	rootObject = B27DE0302151627600CC1359 /* Project object */;
}
